
Microsoft Visual Studio Solution File, Format Version 12.00
# Visual Studio 14
VisualStudioVersion = 14.0.25420.1
MinimumVisualStudioVersion = 10.0.40219.1
Project("{8BC9CEB8-8B4A-11D0-8D11-00A0C91BC942}") = "GMS", "GMS\GMS.vcxproj", "{1E15F1C1-8911-45E3-8551-77534F52E316}"
EndProject
Project("{8BC9CEB8-8B4A-11D0-8D11-00A0C91BC942}") = "RANSAC", "RANSAC\RANSAC.vcxproj", "{5C770058-9C5E-46C2-A49A-2150EA988643}"
EndProject
Project("{8BC9CEB8-8B4A-11D0-8D11-00A0C91BC942}") = "Template", "Template\Template.vcxproj", "{BC583D76-CB11-4D0B-84D3-D4CA0485919E}"
EndProject
Global
	GlobalSection(Performance) = preSolution
		HasPerformanceSessions = true
	EndGlobalSection
	GlobalSection(SolutionConfigurationPlatforms) = preSolution
		Debug|x64 = Debug|x64
		Debug|x86 = Debug|x86
		Release|x64 = Release|x64
		Release|x86 = Release|x86
	EndGlobalSection
	GlobalSection(ProjectConfigurationPlatforms) = postSolution
		{1E15F1C1-8911-45E3-8551-77534F52E316}.Debug|x64.ActiveCfg = Debug|x64
		{1E15F1C1-8911-45E3-8551-77534F52E316}.Debug|x64.Build.0 = Debug|x64
		{1E15F1C1-8911-45E3-8551-77534F52E316}.Debug|x86.ActiveCfg = Debug|Win32
		{1E15F1C1-8911-45E3-8551-77534F52E316}.Debug|x86.Build.0 = Debug|Win32
		{1E15F1C1-8911-45E3-8551-77534F52E316}.Release|x64.ActiveCfg = Release|x64
		{1E15F1C1-8911-45E3-8551-77534F52E316}.Release|x64.Build.0 = Release|x64
		{1E15F1C1-8911-45E3-8551-77534F52E316}.Release|x86.ActiveCfg = Release|Win32
		{1E15F1C1-8911-45E3-8551-77534F52E316}.Release|x86.Build.0 = Release|Win32
		{5C770058-9C5E-46C2-A49A-2150EA988643}.Debug|x64.ActiveCfg = Debug|x64
		{5C770058-9C5E-46C2-A49A-2150EA988643}.Debug|x64.Build.0 = Debug|x64
		{5C770058-9C5E-46C2-A49A-2150EA988643}.Debug|x86.ActiveCfg = Debug|Win32
		{5C770058-9C5E-46C2-A49A-2150EA988643}.Debug|x86.Build.0 = Debug|Win32
		{5C770058-9C5E-46C2-A49A-2150EA988643}.Release|x64.ActiveCfg = Release|x64
		{5C770058-9C5E-46C2-A49A-2150EA988643}.Release|x64.Build.0 = Release|x64
		{5C770058-9C5E-46C2-A49A-2150EA988643}.Release|x86.ActiveCfg = Release|Win32
		{5C770058-9C5E-46C2-A49A-2150EA988643}.Release|x86.Build.0 = Release|Win32
		{BC583D76-CB11-4D0B-84D3-D4CA0485919E}.Debug|x64.ActiveCfg = Debug|x64
		{BC583D76-CB11-4D0B-84D3-D4CA0485919E}.Debug|x64.Build.0 = Debug|x64
		{BC583D76-CB11-4D0B-84D3-D4CA0485919E}.Debug|x86.ActiveCfg = Debug|Win32
		{BC583D76-CB11-4D0B-84D3-D4CA0485919E}.Debug|x86.Build.0 = Debug|Win32
		{BC583D76-CB11-4D0B-84D3-D4CA0485919E}.Release|x64.ActiveCfg = Release|x64
		{BC583D76-CB11-4D0B-84D3-D4CA0485919E}.Release|x64.Build.0 = Release|x64
		{BC583D76-CB11-4D0B-84D3-D4CA0485919E}.Release|x86.ActiveCfg = Release|Win32
		{BC583D76-CB11-4D0B-84D3-D4CA0485919E}.Release|x86.Build.0 = Release|Win32
	EndGlobalSection
	GlobalSection(SolutionProperties) = preSolution
		HideSolutionNode = FALSE
	EndGlobalSection
EndGlobal
